
Microsoft Visual Studio Solution File, Format Version 12.00
# Visual Studio 14
VisualStudioVersion = 14.0.25420.1
MinimumVisualStudioVersion = 10.0.40219.1
Project("{FAE04EC0-301F-11D3-BF4B-00C04F79EFBC}") = "ProcessMonitor", "ProcessMonitor\ProcessMonitor.csproj", "{94C2A2D5-A972-4606-8AB9-05AA93C2C16D}"
EndProject
Project("{FAE04EC0-301F-11D3-BF4B-00C04F79EFBC}") = "PerfServiceStarter", "ConsoleClient\PerfServiceStarter.csproj", "{9EF17E85-3863-4044-B4D1-201DBD8B9E28}"
EndProject
Global
	GlobalSection(SolutionConfigurationPlatforms) = preSolution
		Debug|Any CPU = Debug|Any CPU
		Release|Any CPU = Release|Any CPU
	EndGlobalSection
	GlobalSection(ProjectConfigurationPlatforms) = postSolution
		{94C2A2D5-A972-4606-8AB9-05AA93C2C16D}.Debug|Any CPU.ActiveCfg = Debug|Any CPU
		{94C2A2D5-A972-4606-8AB9-05AA93C2C16D}.Debug|Any CPU.Build.0 = Debug|Any CPU
		{94C2A2D5-A972-4606-8AB9-05AA93C2C16D}.Release|Any CPU.ActiveCfg = Release|Any CPU
		{94C2A2D5-A972-4606-8AB9-05AA93C2C16D}.Release|Any CPU.Build.0 = Release|Any CPU
		{9EF17E85-3863-4044-B4D1-201DBD8B9E28}.Debug|Any CPU.ActiveCfg = Debug|Any CPU
		{9EF17E85-3863-4044-B4D1-201DBD8B9E28}.Debug|Any CPU.Build.0 = Debug|Any CPU
		{9EF17E85-3863-4044-B4D1-201DBD8B9E28}.Release|Any CPU.ActiveCfg = Release|Any CPU
		{9EF17E85-3863-4044-B4D1-201DBD8B9E28}.Release|Any CPU.Build.0 = Release|Any CPU
	EndGlobalSection
	GlobalSection(SolutionProperties) = preSolution
		HideSolutionNode = FALSE
	EndGlobalSection
EndGlobal
